
Microsoft Visual Studio Solution File, Format Version 12.00
# Visual Studio Version 17
VisualStudioVersion = 17.4.33110.190
MinimumVisualStudioVersion = 10.0.40219.1
Project("{FAE04EC0-301F-11D3-BF4B-00C04F79EFBC}") = "Customers_API", "Customers_API\Customers_API.csproj", "{E332EC9F-D677-4FB5-ADB9-1717FB449B21}"
EndProject
Global
	GlobalSection(SolutionConfigurationPlatforms) = preSolution
		Debug|Any CPU = Debug|Any CPU
		Release|Any CPU = Release|Any CPU
	EndGlobalSection
	GlobalSection(ProjectConfigurationPlatforms) = postSolution
		{E332EC9F-D677-4FB5-ADB9-1717FB449B21}.Debug|Any CPU.ActiveCfg = Debug|Any CPU
		{E332EC9F-D677-4FB5-ADB9-1717FB449B21}.Debug|Any CPU.Build.0 = Debug|Any CPU
		{E332EC9F-D677-4FB5-ADB9-1717FB449B21}.Release|Any CPU.ActiveCfg = Release|Any CPU
		{E332EC9F-D677-4FB5-ADB9-1717FB449B21}.Release|Any CPU.Build.0 = Release|Any CPU
	EndGlobalSection
	GlobalSection(SolutionProperties) = preSolution
		HideSolutionNode = FALSE
	EndGlobalSection
	GlobalSection(ExtensibilityGlobals) = postSolution
		SolutionGuid = {6CFF5236-2094-4E03-AE78-14FF7A096A80}
	EndGlobalSection
EndGlobal
